
Microsoft Visual Studio Solution File, Format Version 12.00
# Visual Studio Version 17
VisualStudioVersion = 17.14.36804.6 d17.14
MinimumVisualStudioVersion = 10.0.40219.1
Project("{FAE04EC0-301F-11D3-BF4B-00C04F79EFBC}") = "Payments", "Payments.csproj", "{908DE0DF-F755-4479-9A4B-B0BEFB02DFE2}"
EndProject
Project("{FAE04EC0-301F-11D3-BF4B-00C04F79EFBC}") = "Payments.Domain", "..\Payments.Domain\Payments.Domain.csproj", "{78901B67-089D-4205-AE1D-06CE6E4FBC5C}"
EndProject
Global
	GlobalSection(SolutionConfigurationPlatforms) = preSolution
		Debug|Any CPU = Debug|Any CPU
		Release|Any CPU = Release|Any CPU
	EndGlobalSection
	GlobalSection(ProjectConfigurationPlatforms) = postSolution
		{908DE0DF-F755-4479-9A4B-B0BEFB02DFE2}.Debug|Any CPU.ActiveCfg = Debug|Any CPU
		{908DE0DF-F755-4479-9A4B-B0BEFB02DFE2}.Debug|Any CPU.Build.0 = Debug|Any CPU
		{908DE0DF-F755-4479-9A4B-B0BEFB02DFE2}.Release|Any CPU.ActiveCfg = Release|Any CPU
		{908DE0DF-F755-4479-9A4B-B0BEFB02DFE2}.Release|Any CPU.Build.0 = Release|Any CPU
		{78901B67-089D-4205-AE1D-06CE6E4FBC5C}.Debug|Any CPU.ActiveCfg = Debug|Any CPU
		{78901B67-089D-4205-AE1D-06CE6E4FBC5C}.Debug|Any CPU.Build.0 = Debug|Any CPU
		{78901B67-089D-4205-AE1D-06CE6E4FBC5C}.Release|Any CPU.ActiveCfg = Release|Any CPU
		{78901B67-089D-4205-AE1D-06CE6E4FBC5C}.Release|Any CPU.Build.0 = Release|Any CPU
	EndGlobalSection
	GlobalSection(SolutionProperties) = preSolution
		HideSolutionNode = FALSE
	EndGlobalSection
	GlobalSection(ExtensibilityGlobals) = postSolution
		SolutionGuid = {01F84988-BE74-4654-B826-E0B0342DDD8D}
	EndGlobalSection
EndGlobal
